
Microsoft Visual Studio Solution File, Format Version 12.00
# Visual Studio Version 16
VisualStudioVersion = 16.0.30503.244
MinimumVisualStudioVersion = 10.0.40219.1
Project("{9A19103F-16F7-4668-BE54-9A1E7A4F7556}") = "FlyIt.Api", "FlyIt.Api\FlyIt.Api.csproj", "{6EDCEF92-7E3B-48A9-B7EE-D321FA732009}"
EndProject
Project("{9A19103F-16F7-4668-BE54-9A1E7A4F7556}") = "FlyIt.Domain", "FlyIt.Domain\FlyIt.Domain.csproj", "{21C98C1E-3999-47B0-A526-CCD082F3EC91}"
EndProject
Project("{9A19103F-16F7-4668-BE54-9A1E7A4F7556}") = "FlyIt.DataAccess", "FlyIt.DataAccess\FlyIt.DataAccess.csproj", "{B4549018-42AA-40BD-BEE0-64DB50B21A62}"
EndProject
Project("{2150E333-8FDC-42A3-9474-1A3956D46DE8}") = "test", "test", "{A782EE38-C474-43C2-9935-AA4066E2A39C}"
EndProject
Project("{9A19103F-16F7-4668-BE54-9A1E7A4F7556}") = "FlyIt.Domain.Test", "FlyIt.Domain.Test\FlyIt.Domain.Test.csproj", "{6DD483BC-698A-4447-8875-F1A801A4221B}"
EndProject
Project("{FAE04EC0-301F-11D3-BF4B-00C04F79EFBC}") = "FlyIt.DataAccess.Test", "FlyIt.DataAccess.Test\FlyIt.DataAccess.Test.csproj", "{35EB5B6D-4D2D-4F67-82A8-5988936CBF39}"
EndProject
Global
	GlobalSection(SolutionConfigurationPlatforms) = preSolution
		Debug|Any CPU = Debug|Any CPU
		Release|Any CPU = Release|Any CPU
	EndGlobalSection
	GlobalSection(ProjectConfigurationPlatforms) = postSolution
		{6EDCEF92-7E3B-48A9-B7EE-D321FA732009}.Debug|Any CPU.ActiveCfg = Debug|Any CPU
		{6EDCEF92-7E3B-48A9-B7EE-D321FA732009}.Debug|Any CPU.Build.0 = Debug|Any CPU
		{6EDCEF92-7E3B-48A9-B7EE-D321FA732009}.Release|Any CPU.ActiveCfg = Release|Any CPU
		{6EDCEF92-7E3B-48A9-B7EE-D321FA732009}.Release|Any CPU.Build.0 = Release|Any CPU
		{21C98C1E-3999-47B0-A526-CCD082F3EC91}.Debug|Any CPU.ActiveCfg = Debug|Any CPU
		{21C98C1E-3999-47B0-A526-CCD082F3EC91}.Debug|Any CPU.Build.0 = Debug|Any CPU
		{21C98C1E-3999-47B0-A526-CCD082F3EC91}.Release|Any CPU.ActiveCfg = Release|Any CPU
		{21C98C1E-3999-47B0-A526-CCD082F3EC91}.Release|Any CPU.Build.0 = Release|Any CPU
		{B4549018-42AA-40BD-BEE0-64DB50B21A62}.Debug|Any CPU.ActiveCfg = Debug|Any CPU
		{B4549018-42AA-40BD-BEE0-64DB50B21A62}.Debug|Any CPU.Build.0 = Debug|Any CPU
		{B4549018-42AA-40BD-BEE0-64DB50B21A62}.Release|Any CPU.ActiveCfg = Release|Any CPU
		{B4549018-42AA-40BD-BEE0-64DB50B21A62}.Release|Any CPU.Build.0 = Release|Any CPU
		{6DD483BC-698A-4447-8875-F1A801A4221B}.Debug|Any CPU.ActiveCfg = Debug|Any CPU
		{6DD483BC-698A-4447-8875-F1A801A4221B}.Debug|Any CPU.Build.0 = Debug|Any CPU
		{6DD483BC-698A-4447-8875-F1A801A4221B}.Release|Any CPU.ActiveCfg = Release|Any CPU
		{6DD483BC-698A-4447-8875-F1A801A4221B}.Release|Any CPU.Build.0 = Release|Any CPU
		{35EB5B6D-4D2D-4F67-82A8-5988936CBF39}.Debug|Any CPU.ActiveCfg = Debug|Any CPU
		{35EB5B6D-4D2D-4F67-82A8-5988936CBF39}.Debug|Any CPU.Build.0 = Debug|Any CPU
		{35EB5B6D-4D2D-4F67-82A8-5988936CBF39}.Release|Any CPU.ActiveCfg = Release|Any CPU
		{35EB5B6D-4D2D-4F67-82A8-5988936CBF39}.Release|Any CPU.Build.0 = Release|Any CPU
	EndGlobalSection
	GlobalSection(SolutionProperties) = preSolution
		HideSolutionNode = FALSE
	EndGlobalSection
	GlobalSection(NestedProjects) = preSolution
		{6DD483BC-698A-4447-8875-F1A801A4221B} = {A782EE38-C474-43C2-9935-AA4066E2A39C}
		{35EB5B6D-4D2D-4F67-82A8-5988936CBF39} = {A782EE38-C474-43C2-9935-AA4066E2A39C}
	EndGlobalSection
	GlobalSection(ExtensibilityGlobals) = postSolution
		SolutionGuid = {E7A8B413-948B-4A02-9A05-B6CA1A4A8831}
	EndGlobalSection
EndGlobal
