
Microsoft Visual Studio Solution File, Format Version 12.00
# Visual Studio Version 16
VisualStudioVersion = 16.0.30503.244
MinimumVisualStudioVersion = 10.0.40219.1
Project("{9A19103F-16F7-4668-BE54-9A1E7A4F7556}") = "FlyIt.Api", "FlyIt\FlyIt.Api.csproj", "{6EDCEF92-7E3B-48A9-B7EE-D321FA732009}"
EndProject
Project("{9A19103F-16F7-4668-BE54-9A1E7A4F7556}") = "FlyIt.Domain", "FlyIt.Services\FlyIt.Domain.csproj", "{21C98C1E-3999-47B0-A526-CCD082F3EC91}"
EndProject
Project("{9A19103F-16F7-4668-BE54-9A1E7A4F7556}") = "FlyIt.DataAccess", "FlyIt.DataContext\FlyIt.DataAccess.csproj", "{B4549018-42AA-40BD-BEE0-64DB50B21A62}"
EndProject
Global
	GlobalSection(SolutionConfigurationPlatforms) = preSolution
		Debug|Any CPU = Debug|Any CPU
		Release|Any CPU = Release|Any CPU
	EndGlobalSection
	GlobalSection(ProjectConfigurationPlatforms) = postSolution
		{6EDCEF92-7E3B-48A9-B7EE-D321FA732009}.Debug|Any CPU.ActiveCfg = Debug|Any CPU
		{6EDCEF92-7E3B-48A9-B7EE-D321FA732009}.Debug|Any CPU.Build.0 = Debug|Any CPU
		{6EDCEF92-7E3B-48A9-B7EE-D321FA732009}.Release|Any CPU.ActiveCfg = Release|Any CPU
		{6EDCEF92-7E3B-48A9-B7EE-D321FA732009}.Release|Any CPU.Build.0 = Release|Any CPU
		{21C98C1E-3999-47B0-A526-CCD082F3EC91}.Debug|Any CPU.ActiveCfg = Debug|Any CPU
		{21C98C1E-3999-47B0-A526-CCD082F3EC91}.Debug|Any CPU.Build.0 = Debug|Any CPU
		{21C98C1E-3999-47B0-A526-CCD082F3EC91}.Release|Any CPU.ActiveCfg = Release|Any CPU
		{21C98C1E-3999-47B0-A526-CCD082F3EC91}.Release|Any CPU.Build.0 = Release|Any CPU
		{B4549018-42AA-40BD-BEE0-64DB50B21A62}.Debug|Any CPU.ActiveCfg = Debug|Any CPU
		{B4549018-42AA-40BD-BEE0-64DB50B21A62}.Debug|Any CPU.Build.0 = Debug|Any CPU
		{B4549018-42AA-40BD-BEE0-64DB50B21A62}.Release|Any CPU.ActiveCfg = Release|Any CPU
		{B4549018-42AA-40BD-BEE0-64DB50B21A62}.Release|Any CPU.Build.0 = Release|Any CPU
	EndGlobalSection
	GlobalSection(SolutionProperties) = preSolution
		HideSolutionNode = FALSE
	EndGlobalSection
	GlobalSection(ExtensibilityGlobals) = postSolution
		SolutionGuid = {E7A8B413-948B-4A02-9A05-B6CA1A4A8831}
	EndGlobalSection
EndGlobal
